// !$*UTF8*$!
{
	archiveVersion = 1;
	classes = {
	};
	objectVersion = 56;
	objects = {

/* Begin PBXBuildFile section */
		164C43982968920900D39FCB /* AppDelegate.swift in Sources */ = {isa = PBXBuildFile; fileRef = 164C43972968920900D39FCB /* AppDelegate.swift */; };
		164C439A2968920900D39FCB /* SceneDelegate.swift in Sources */ = {isa = PBXBuildFile; fileRef = 164C43992968920900D39FCB /* SceneDelegate.swift */; };
		164C439C2968920900D39FCB /* ViewController.swift in Sources */ = {isa = PBXBuildFile; fileRef = 164C439B2968920900D39FCB /* ViewController.swift */; };
		164C439F2968920900D39FCB /* Main.storyboard in Resources */ = {isa = PBXBuildFile; fileRef = 164C439D2968920900D39FCB /* Main.storyboard */; };
		164C43A12968920A00D39FCB /* Assets.xcassets in Resources */ = {isa = PBXBuildFile; fileRef = 164C43A02968920A00D39FCB /* Assets.xcassets */; };
		164C43A42968920A00D39FCB /* LaunchScreen.storyboard in Resources */ = {isa = PBXBuildFile; fileRef = 164C43A22968920A00D39FCB /* LaunchScreen.storyboard */; };
		164C43AC2968923B00D39FCB /* Contact.swift in Sources */ = {isa = PBXBuildFile; fileRef = 164C43AB2968923B00D39FCB /* Contact.swift */; };
		164C43AE296892FC00D39FCB /* CustomTableViewCell.swift in Sources */ = {isa = PBXBuildFile; fileRef = 164C43AD296892FC00D39FCB /* CustomTableViewCell.swift */; };
		164C43B02968A0B400D39FCB /* AddContactVC.swift in Sources */ = {isa = PBXBuildFile; fileRef = 164C43AF2968A0B400D39FCB /* AddContactVC.swift */; };
		164C43B22968A13500D39FCB /* CustomButton.swift in Sources */ = {isa = PBXBuildFile; fileRef = 164C43B12968A13500D39FCB /* CustomButton.swift */; };
		164C43B42968AEC300D39FCB /* EditingVC.swift in Sources */ = {isa = PBXBuildFile; fileRef = 164C43B32968AEC300D39FCB /* EditingVC.swift */; };
		164C43BA29699FF000D39FCB /* Extension + UIView.swift in Sources */ = {isa = PBXBuildFile; fileRef = 164C43B929699FF000D39FCB /* Extension + UIView.swift */; };
/* End PBXBuildFile section */

/* Begin PBXFileReference section */
		164C43942968920900D39FCB /* MyPeeps.app */ = {isa = PBXFileReference; explicitFileType = wrapper.application; includeInIndex = 0; path = MyPeeps.app; sourceTree = BUILT_PRODUCTS_DIR; };
		164C43972968920900D39FCB /* AppDelegate.swift */ = {isa = PBXFileReference; lastKnownFileType = sourcecode.swift; path = AppDelegate.swift; sourceTree = "<group>"; };
		164C43992968920900D39FCB /* SceneDelegate.swift */ = {isa = PBXFileReference; lastKnownFileType = sourcecode.swift; path = SceneDelegate.swift; sourceTree = "<group>"; };
		164C439B2968920900D39FCB /* ViewController.swift */ = {isa = PBXFileReference; lastKnownFileType = sourcecode.swift; path = ViewController.swift; sourceTree = "<group>"; };
		164C439E2968920900D39FCB /* Base */ = {isa = PBXFileReference; lastKnownFileType = file.storyboard; name = Base; path = Base.lproj/Main.storyboard; sourceTree = "<group>"; };
		164C43A02968920A00D39FCB /* Assets.xcassets */ = {isa = PBXFileReference; lastKnownFileType = folder.assetcatalog; path = Assets.xcassets; sourceTree = "<group>"; };
		164C43A32968920A00D39FCB /* Base */ = {isa = PBXFileReference; lastKnownFileType = file.storyboard; name = Base; path = Base.lproj/LaunchScreen.storyboard; sourceTree = "<group>"; };
		164C43A52968920A00D39FCB /* Info.plist */ = {isa = PBXFileReference; lastKnownFileType = text.plist.xml; path = Info.plist; sourceTree = "<group>"; };
		164C43AB2968923B00D39FCB /* Contact.swift */ = {isa = PBXFileReference; lastKnownFileType = sourcecode.swift; path = Contact.swift; sourceTree = "<group>"; };
		164C43AD296892FC00D39FCB /* CustomTableViewCell.swift */ = {isa = PBXFileReference; lastKnownFileType = sourcecode.swift; path = CustomTableViewCell.swift; sourceTree = "<group>"; };
		164C43AF2968A0B400D39FCB /* AddContactVC.swift */ = {isa = PBXFileReference; lastKnownFileType = sourcecode.swift; path = AddContactVC.swift; sourceTree = "<group>"; };
		164C43B12968A13500D39FCB /* CustomButton.swift */ = {isa = PBXFileReference; lastKnownFileType = sourcecode.swift; path = CustomButton.swift; sourceTree = "<group>"; };
		164C43B32968AEC300D39FCB /* EditingVC.swift */ = {isa = PBXFileReference; lastKnownFileType = sourcecode.swift; path = EditingVC.swift; sourceTree = "<group>"; };
		164C43B929699FF000D39FCB /* Extension + UIView.swift */ = {isa = PBXFileReference; lastKnownFileType = sourcecode.swift; path = "Extension + UIView.swift"; sourceTree = "<group>"; };
/* End PBXFileReference section */

/* Begin PBXFrameworksBuildPhase section */
		164C43912968920900D39FCB /* Frameworks */ = {
			isa = PBXFrameworksBuildPhase;
			buildActionMask = 2147483647;
			files = (
			);
			runOnlyForDeploymentPostprocessing = 0;
		};
/* End PBXFrameworksBuildPhase section */

/* Begin PBXGroup section */
		164C438B2968920900D39FCB = {
			isa = PBXGroup;
			children = (
				164C43962968920900D39FCB /* Contacts */,
				164C43952968920900D39FCB /* Products */,
			);
			sourceTree = "<group>";
		};
		164C43952968920900D39FCB /* Products */ = {
			isa = PBXGroup;
			children = (
				164C43942968920900D39FCB /* MyPeeps.app */,
			);
			name = Products;
			sourceTree = "<group>";
		};
		164C43962968920900D39FCB /* Contacts */ = {
			isa = PBXGroup;
			children = (
				164C43972968920900D39FCB /* AppDelegate.swift */,
				164C43992968920900D39FCB /* SceneDelegate.swift */,
				164C43B82968AF2200D39FCB /* Extension */,
				164C43B52968AECF00D39FCB /* ViewControllers */,
				164C43B72968AF1000D39FCB /* Cell */,
				164C43B62968AEDE00D39FCB /* Model */,
				164C439D2968920900D39FCB /* Main.storyboard */,
				164C43A02968920A00D39FCB /* Assets.xcassets */,
				164C43A22968920A00D39FCB /* LaunchScreen.storyboard */,
				164C43A52968920A00D39FCB /* Info.plist */,
			);
			path = Contacts;
			sourceTree = "<group>";
		};
		164C43B52968AECF00D39FCB /* ViewControllers */ = {
			isa = PBXGroup;
			children = (
				164C439B2968920900D39FCB /* ViewController.swift */,
				164C43AF2968A0B400D39FCB /* AddContactVC.swift */,
				164C43B32968AEC300D39FCB /* EditingVC.swift */,
			);
			path = ViewControllers;
			sourceTree = "<group>";
		};
		164C43B62968AEDE00D39FCB /* Model */ = {
			isa = PBXGroup;
			children = (
				164C43AB2968923B00D39FCB /* Contact.swift */,
			);
			path = Model;
			sourceTree = "<group>";
		};
		164C43B72968AF1000D39FCB /* Cell */ = {
			isa = PBXGroup;
			children = (
				164C43AD296892FC00D39FCB /* CustomTableViewCell.swift */,
			);
			path = Cell;
			sourceTree = "<group>";
		};
		164C43B82968AF2200D39FCB /* Extension */ = {
			isa = PBXGroup;
			children = (
				164C43B12968A13500D39FCB /* CustomButton.swift */,
				164C43B929699FF000D39FCB /* Extension + UIView.swift */,
			);
			path = Extension;
			sourceTree = "<group>";
		};
/* End PBXGroup section */

/* Begin PBXNativeTarget section */
		164C43932968920900D39FCB /* MyPeeps */ = {
			isa = PBXNativeTarget;
			buildConfigurationList = 164C43A82968920A00D39FCB /* Build configuration list for PBXNativeTarget "MyPeeps" */;
			buildPhases = (
				164C43902968920900D39FCB /* Sources */,
				164C43912968920900D39FCB /* Frameworks */,
				164C43922968920900D39FCB /* Resources */,
			);
			buildRules = (
			);
			dependencies = (
			);
			name = MyPeeps;
			productName = Contacts;
			productReference = 164C43942968920900D39FCB /* MyPeeps.app */;
			productType = "com.apple.product-type.application";
		};
/* End PBXNativeTarget section */

/* Begin PBXProject section */
		164C438C2968920900D39FCB /* Project object */ = {
			isa = PBXProject;
			attributes = {
				BuildIndependentTargetsInParallel = 1;
				LastSwiftUpdateCheck = 1420;
				LastUpgradeCheck = 1530;
				TargetAttributes = {
					164C43932968920900D39FCB = {
						CreatedOnToolsVersion = 14.2;
					};
				};
			};
			buildConfigurationList = 164C438F2968920900D39FCB /* Build configuration list for PBXProject "MyPeeps" */;
			compatibilityVersion = "Xcode 14.0";
			developmentRegion = en;
			hasScannedForEncodings = 0;
			knownRegions = (
				en,
				Base,
			);
			mainGroup = 164C438B2968920900D39FCB;
			productRefGroup = 164C43952968920900D39FCB /* Products */;
			projectDirPath = "";
			projectRoot = "";
			targets = (
				164C43932968920900D39FCB /* MyPeeps */,
			);
		};
/* End PBXProject section */

/* Begin PBXResourcesBuildPhase section */
		164C43922968920900D39FCB /* Resources */ = {
			isa = PBXResourcesBuildPhase;
			buildActionMask = 2147483647;
			files = (
				164C43A42968920A00D39FCB /* LaunchScreen.storyboard in Resources */,
				164C43A12968920A00D39FCB /* Assets.xcassets in Resources */,
				164C439F2968920900D39FCB /* Main.storyboard in Resources */,
			);
			runOnlyForDeploymentPostprocessing = 0;
		};
/* End PBXResourcesBuildPhase section */

/* Begin PBXSourcesBuildPhase section */
		164C43902968920900D39FCB /* Sources */ = {
			isa = PBXSourcesBuildPhase;
			buildActionMask = 2147483647;
			files = (
				164C43AC2968923B00D39FCB /* Contact.swift in Sources */,
				164C43B02968A0B400D39FCB /* AddContactVC.swift in Sources */,
				164C43AE296892FC00D39FCB /* CustomTableViewCell.swift in Sources */,
				164C439C2968920900D39FCB /* ViewController.swift in Sources */,
				164C43B22968A13500D39FCB /* CustomButton.swift in Sources */,
				164C43BA29699FF000D39FCB /* Extension + UIView.swift in Sources */,
				164C43982968920900D39FCB /* AppDelegate.swift in Sources */,
				164C439A2968920900D39FCB /* SceneDelegate.swift in Sources */,
				164C43B42968AEC300D39FCB /* EditingVC.swift in Sources */,
			);
			runOnlyForDeploymentPostprocessing = 0;
		};
/* End PBXSourcesBuildPhase section */

/* Begin PBXVariantGroup section */
		164C439D2968920900D39FCB /* Main.storyboard */ = {
			isa = PBXVariantGroup;
			children = (
				164C439E2968920900D39FCB /* Base */,
			);
			name = Main.storyboard;
			sourceTree = "<group>";
		};
		164C43A22968920A00D39FCB /* LaunchScreen.storyboard */ = {
			isa = PBXVariantGroup;
			children = (
				164C43A32968920A00D39FCB /* Base */,
			);
			name = LaunchScreen.storyboard;
			sourceTree = "<group>";
		};
/* End PBXVariantGroup section */

/* Begin XCBuildConfiguration section */
		164C43A62968920A00D39FCB /* Debug */ = {
			isa = XCBuildConfiguration;
			buildSettings = {
				ALWAYS_SEARCH_USER_PATHS = NO;
				CLANG_ANALYZER_NONNULL = YES;
				CLANG_ANALYZER_NUMBER_OBJECT_CONVERSION = YES_AGGRESSIVE;
				CLANG_CXX_LANGUAGE_STANDARD = "gnu++20";
				CLANG_ENABLE_MODULES = YES;
				CLANG_ENABLE_OBJC_ARC = YES;
				CLANG_ENABLE_OBJC_WEAK = YES;
				CLANG_WARN_BLOCK_CAPTURE_AUTORELEASING = YES;
				CLANG_WARN_BOOL_CONVERSION = YES;
				CLANG_WARN_COMMA = YES;
				CLANG_WARN_CONSTANT_CONVERSION = YES;
				CLANG_WARN_DEPRECATED_OBJC_IMPLEMENTATIONS = YES;
				CLANG_WARN_DIRECT_OBJC_ISA_USAGE = YES_ERROR;
				CLANG_WARN_DOCUMENTATION_COMMENTS = YES;
				CLANG_WARN_EMPTY_BODY = YES;
				CLANG_WARN_ENUM_CONVERSION = YES;
				CLANG_WARN_INFINITE_RECURSION = YES;
				CLANG_WARN_INT_CONVERSION = YES;
				CLANG_WARN_NON_LITERAL_NULL_CONVERSION = YES;
				CLANG_WARN_OBJC_IMPLICIT_RETAIN_SELF = YES;
				CLANG_WARN_OBJC_LITERAL_CONVERSION = YES;
				CLANG_WARN_OBJC_ROOT_CLASS = YES_ERROR;
				CLANG_WARN_QUOTED_INCLUDE_IN_FRAMEWORK_HEADER = YES;
				CLANG_WARN_RANGE_LOOP_ANALYSIS = YES;
				CLANG_WARN_STRICT_PROTOTYPES = YES;
				CLANG_WARN_SUSPICIOUS_MOVE = YES;
				CLANG_WARN_UNGUARDED_AVAILABILITY = YES_AGGRESSIVE;
				CLANG_WARN_UNREACHABLE_CODE = YES;
				CLANG_WARN__DUPLICATE_METHOD_MATCH = YES;
				COPY_PHASE_STRIP = NO;
				DEBUG_INFORMATION_FORMAT = dwarf;
				ENABLE_STRICT_OBJC_MSGSEND = YES;
				ENABLE_TESTABILITY = YES;
				ENABLE_USER_SCRIPT_SANDBOXING = YES;
				GCC_C_LANGUAGE_STANDARD = gnu11;
				GCC_DYNAMIC_NO_PIC = NO;
				GCC_NO_COMMON_BLOCKS = YES;
				GCC_OPTIMIZATION_LEVEL = 0;
				GCC_PREPROCESSOR_DEFINITIONS = (
					"DEBUG=1",
					"$(inherited)",
				);
				GCC_WARN_64_TO_32_BIT_CONVERSION = YES;
				GCC_WARN_ABOUT_RETURN_TYPE = YES_ERROR;
				GCC_WARN_UNDECLARED_SELECTOR = YES;
				GCC_WARN_UNINITIALIZED_AUTOS = YES_AGGRESSIVE;
				GCC_WARN_UNUSED_FUNCTION = YES;
				GCC_WARN_UNUSED_VARIABLE = YES;
				IPHONEOS_DEPLOYMENT_TARGET = 17.4;
				MTL_ENABLE_DEBUG_INFO = INCLUDE_SOURCE;
				MTL_FAST_MATH = YES;
				ONLY_ACTIVE_ARCH = YES;
				SDKROOT = iphoneos;
				SWIFT_ACTIVE_COMPILATION_CONDITIONS = DEBUG;
				SWIFT_OPTIMIZATION_LEVEL = "-Onone";
			};
			name = Debug;
		};
		164C43A72968920A00D39FCB /* Release */ = {
			isa = XCBuildConfiguration;
			buildSettings = {
				ALWAYS_SEARCH_USER_PATHS = NO;
				CLANG_ANALYZER_NONNULL = YES;
				CLANG_ANALYZER_NUMBER_OBJECT_CONVERSION = YES_AGGRESSIVE;
				CLANG_CXX_LANGUAGE_STANDARD = "gnu++20";
				CLANG_ENABLE_MODULES = YES;
				CLANG_ENABLE_OBJC_ARC = YES;
				CLANG_ENABLE_OBJC_WEAK = YES;
				CLANG_WARN_BLOCK_CAPTURE_AUTORELEASING = YES;
				CLANG_WARN_BOOL_CONVERSION = YES;
				CLANG_WARN_COMMA = YES;
				CLANG_WARN_CONSTANT_CONVERSION = YES;
				CLANG_WARN_DEPRECATED_OBJC_IMPLEMENTATIONS = YES;
				CLANG_WARN_DIRECT_OBJC_ISA_USAGE = YES_ERROR;
				CLANG_WARN_DOCUMENTATION_COMMENTS = YES;
				CLANG_WARN_EMPTY_BODY = YES;
				CLANG_WARN_ENUM_CONVERSION = YES;
				CLANG_WARN_INFINITE_RECURSION = YES;
				CLANG_WARN_INT_CONVERSION = YES;
				CLANG_WARN_NON_LITERAL_NULL_CONVERSION = YES;
				CLANG_WARN_OBJC_IMPLICIT_RETAIN_SELF = YES;
				CLANG_WARN_OBJC_LITERAL_CONVERSION = YES;
				CLANG_WARN_OBJC_ROOT_CLASS = YES_ERROR;
				CLANG_WARN_QUOTED_INCLUDE_IN_FRAMEWORK_HEADER = YES;
				CLANG_WARN_RANGE_LOOP_ANALYSIS = YES;
				CLANG_WARN_STRICT_PROTOTYPES = YES;
				CLANG_WARN_SUSPICIOUS_MOVE = YES;
				CLANG_WARN_UNGUARDED_AVAILABILITY = YES_AGGRESSIVE;
				CLANG_WARN_UNREACHABLE_CODE = YES;
				CLANG_WARN__DUPLICATE_METHOD_MATCH = YES;
				COPY_PHASE_STRIP = NO;
				DEBUG_INFORMATION_FORMAT = "dwarf-with-dsym";
				ENABLE_NS_ASSERTIONS = NO;
				ENABLE_STRICT_OBJC_MSGSEND = YES;
				ENABLE_USER_SCRIPT_SANDBOXING = YES;
				GCC_C_LANGUAGE_STANDARD = gnu11;
				GCC_NO_COMMON_BLOCKS = YES;
				GCC_WARN_64_TO_32_BIT_CONVERSION = YES;
				GCC_WARN_ABOUT_RETURN_TYPE = YES_ERROR;
				GCC_WARN_UNDECLARED_SELECTOR = YES;
				GCC_WARN_UNINITIALIZED_AUTOS = YES_AGGRESSIVE;
				GCC_WARN_UNUSED_FUNCTION = YES;
				GCC_WARN_UNUSED_VARIABLE = YES;
				IPHONEOS_DEPLOYMENT_TARGET = 17.4;
				MTL_ENABLE_DEBUG_INFO = NO;
				MTL_FAST_MATH = YES;
				SDKROOT = iphoneos;
				SWIFT_COMPILATION_MODE = wholemodule;
				SWIFT_OPTIMIZATION_LEVEL = "-O";
				VALIDATE_PRODUCT = YES;
			};
			name = Release;
		};
		164C43A92968920A00D39FCB /* Debug */ = {
			isa = XCBuildConfiguration;
			buildSettings = {
				ASSETCATALOG_COMPILER_APPICON_NAME = AppIcon;
				ASSETCATALOG_COMPILER_GLOBAL_ACCENT_COLOR_NAME = AccentColor;
				CODE_SIGN_STYLE = Automatic;
				CURRENT_PROJECT_VERSION = 1;
				DEVELOPMENT_TEAM = "";
				GENERATE_INFOPLIST_FILE = YES;
				INFOPLIST_FILE = Contacts/Info.plist;
				INFOPLIST_KEY_UIApplicationSupportsIndirectInputEvents = YES;
				INFOPLIST_KEY_UILaunchStoryboardName = LaunchScreen;
				INFOPLIST_KEY_UIMainStoryboardFile = Main;
				INFOPLIST_KEY_UISupportedInterfaceOrientations_iPad = "UIInterfaceOrientationPortrait UIInterfaceOrientationPortraitUpsideDown UIInterfaceOrientationLandscapeLeft UIInterfaceOrientationLandscapeRight";
				INFOPLIST_KEY_UISupportedInterfaceOrientations_iPhone = "UIInterfaceOrientationPortrait UIInterfaceOrientationLandscapeLeft UIInterfaceOrientationLandscapeRight";
				IPHONEOS_DEPLOYMENT_TARGET = 17.4;
				LD_RUNPATH_SEARCH_PATHS = (
					"$(inherited)",
					"@executable_path/Frameworks",
				);
				MARKETING_VERSION = 1.0;
				PRODUCT_BUNDLE_IDENTIFIER = company.com.MyPeeps;
				PRODUCT_NAME = "$(TARGET_NAME)";
				SWIFT_EMIT_LOC_STRINGS = YES;
				SWIFT_VERSION = 5.0;
				TARGETED_DEVICE_FAMILY = "1,2";
			};
			name = Debug;
		};
		164C43AA2968920A00D39FCB /* Release */ = {
			isa = XCBuildConfiguration;
			buildSettings = {
				ASSETCATALOG_COMPILER_APPICON_NAME = AppIcon;
				ASSETCATALOG_COMPILER_GLOBAL_ACCENT_COLOR_NAME = AccentColor;
				CODE_SIGN_STYLE = Automatic;
				CURRENT_PROJECT_VERSION = 1;
				DEVELOPMENT_TEAM = "";
				GENERATE_INFOPLIST_FILE = YES;
				INFOPLIST_FILE = Contacts/Info.plist;
				INFOPLIST_KEY_UIApplicationSupportsIndirectInputEvents = YES;
				INFOPLIST_KEY_UILaunchStoryboardName = LaunchScreen;
				INFOPLIST_KEY_UIMainStoryboardFile = Main;
				INFOPLIST_KEY_UISupportedInterfaceOrientations_iPad = "UIInterfaceOrientationPortrait UIInterfaceOrientationPortraitUpsideDown UIInterfaceOrientationLandscapeLeft UIInterfaceOrientationLandscapeRight";
				INFOPLIST_KEY_UISupportedInterfaceOrientations_iPhone = "UIInterfaceOrientationPortrait UIInterfaceOrientationLandscapeLeft UIInterfaceOrientationLandscapeRight";
				IPHONEOS_DEPLOYMENT_TARGET = 17.4;
				LD_RUNPATH_SEARCH_PATHS = (
					"$(inherited)",
					"@executable_path/Frameworks",
				);
				MARKETING_VERSION = 1.0;
				PRODUCT_BUNDLE_IDENTIFIER = company.com.MyPeeps;
				PRODUCT_NAME = "$(TARGET_NAME)";
				SWIFT_EMIT_LOC_STRINGS = YES;
				SWIFT_VERSION = 5.0;
				TARGETED_DEVICE_FAMILY = "1,2";
			};
			name = Release;
		};
/* End XCBuildConfiguration section */

/* Begin XCConfigurationList section */
		164C438F2968920900D39FCB /* Build configuration list for PBXProject "MyPeeps" */ = {
			isa = XCConfigurationList;
			buildConfigurations = (
				164C43A62968920A00D39FCB /* Debug */,
				164C43A72968920A00D39FCB /* Release */,
			);
			defaultConfigurationIsVisible = 0;
			defaultConfigurationName = Release;
		};
		164C43A82968920A00D39FCB /* Build configuration list for PBXNativeTarget "MyPeeps" */ = {
			isa = XCConfigurationList;
			buildConfigurations = (
				164C43A92968920A00D39FCB /* Debug */,
				164C43AA2968920A00D39FCB /* Release */,
			);
			defaultConfigurationIsVisible = 0;
			defaultConfigurationName = Release;
		};
/* End XCConfigurationList section */
	};
	rootObject = 164C438C2968920900D39FCB /* Project object */;
}
